
Microsoft Visual Studio Solution File, Format Version 12.00
# Visual Studio Version 17
VisualStudioVersion = 17.10.35013.160
MinimumVisualStudioVersion = 10.0.40219.1
Project("{FAE04EC0-301F-11D3-BF4B-00C04F79EFBC}") = "HideTopGlow", "HideTopGlow.csproj", "{A55C0CF4-19C1-44E5-8A74-4E0711610FAB}"
EndProject
Global
	GlobalSection(SolutionConfigurationPlatforms) = preSolution
		Debug|Any CPU = Debug|Any CPU
		Release|Any CPU = Release|Any CPU
	EndGlobalSection
	GlobalSection(ProjectConfigurationPlatforms) = postSolution
		{A55C0CF4-19C1-44E5-8A74-4E0711610FAB}.Debug|Any CPU.ActiveCfg = Debug|Any CPU
		{A55C0CF4-19C1-44E5-8A74-4E0711610FAB}.Debug|Any CPU.Build.0 = Debug|Any CPU
		{A55C0CF4-19C1-44E5-8A74-4E0711610FAB}.Release|Any CPU.ActiveCfg = Release|Any CPU
		{A55C0CF4-19C1-44E5-8A74-4E0711610FAB}.Release|Any CPU.Build.0 = Release|Any CPU
	EndGlobalSection
	GlobalSection(SolutionProperties) = preSolution
		HideSolutionNode = FALSE
	EndGlobalSection
	GlobalSection(ExtensibilityGlobals) = postSolution
		SolutionGuid = {40A220C1-9F75-4876-AEDA-D0B71D4E5CCF}
	EndGlobalSection
EndGlobal
